
Microsoft Visual Studio Solution File, Format Version 12.00
# Visual Studio 2013
VisualStudioVersion = 12.0.21005.1
MinimumVisualStudioVersion = 10.0.40219.1
Project("{FAE04EC0-301F-11D3-BF4B-00C04F79EFBC}") = "Entrada.Editor", "Entrada.Editor\Entrada.Editor.csproj", "{D4A370E3-8EE5-441F-93C7-09D77026C8AE}"
EndProject
Project("{FAE04EC0-301F-11D3-BF4B-00C04F79EFBC}") = "Entrada.Editor.Core", "Entrada.Edit.Core\Entrada.Editor.Core.csproj", "{7C5D556A-3633-4653-B520-79350F92EAE6}"
EndProject
Project("{FAE04EC0-301F-11D3-BF4B-00C04F79EFBC}") = "Entrada.Editor.Data", "Entrada.Editor.Data\Entrada.Editor.Data.csproj", "{255BC024-2549-4AD0-8EE8-3B17B842AA46}"
EndProject
Project("{FAE04EC0-301F-11D3-BF4B-00C04F79EFBC}") = "Entrada.Bugsense", "lib\Entrada.Bugsense\Entrada.Bugsense.csproj", "{96D7FDAA-341F-49D9-B910-1F349CA565D7}"
EndProject
Project("{FAE04EC0-301F-11D3-BF4B-00C04F79EFBC}") = "Entrada.Editor.UnitTests", "Entrada.Editor.UnitTests\Entrada.Editor.UnitTests.csproj", "{357A9C40-29F7-4863-9E24-28BD9C7BF0E8}"
EndProject
Project("{2150E333-8FDC-42A3-9474-1A3956D46DE8}") = ".build", ".build", "{ABD93DE6-FE3C-4E5A-ACB3-9B3E1B2F520F}"
	ProjectSection(SolutionItems) = preProject
		Build.proj = Build.proj
		.build\MSBuild.Community.Tasks.dll = .build\MSBuild.Community.Tasks.dll
		.build\MSBuild.Community.Tasks.targets = .build\MSBuild.Community.Tasks.targets
	EndProjectSection
EndProject
Project("{2150E333-8FDC-42A3-9474-1A3956D46DE8}") = ".nuget", ".nuget", "{BACF9633-258A-4F94-9F54-17F55D0620BA}"
	ProjectSection(SolutionItems) = preProject
		.nuget\NuGet.Config = .nuget\NuGet.Config
		.nuget\NuGet.exe = .nuget\NuGet.exe
		.nuget\NuGet.targets = .nuget\NuGet.targets
	EndProjectSection
EndProject
Global
	GlobalSection(SolutionConfigurationPlatforms) = preSolution
		CD_ROM|Any CPU = CD_ROM|Any CPU
		CD_ROM|Mixed Platforms = CD_ROM|Mixed Platforms
		CD_ROM|x86 = CD_ROM|x86
		Debug|Any CPU = Debug|Any CPU
		Debug|Mixed Platforms = Debug|Mixed Platforms
		Debug|x86 = Debug|x86
		DVD-5|Any CPU = DVD-5|Any CPU
		DVD-5|Mixed Platforms = DVD-5|Mixed Platforms
		DVD-5|x86 = DVD-5|x86
		PublishClickOnce|Any CPU = PublishClickOnce|Any CPU
		PublishClickOnce|Mixed Platforms = PublishClickOnce|Mixed Platforms
		PublishClickOnce|x86 = PublishClickOnce|x86
		Release|Any CPU = Release|Any CPU
		Release|Mixed Platforms = Release|Mixed Platforms
		Release|x86 = Release|x86
		SingleImage|Any CPU = SingleImage|Any CPU
		SingleImage|Mixed Platforms = SingleImage|Mixed Platforms
		SingleImage|x86 = SingleImage|x86
	EndGlobalSection
	GlobalSection(ProjectConfigurationPlatforms) = postSolution
		{D4A370E3-8EE5-441F-93C7-09D77026C8AE}.CD_ROM|Any CPU.ActiveCfg = Release|Any CPU
		{D4A370E3-8EE5-441F-93C7-09D77026C8AE}.CD_ROM|Any CPU.Build.0 = Release|Any CPU
		{D4A370E3-8EE5-441F-93C7-09D77026C8AE}.CD_ROM|Mixed Platforms.ActiveCfg = Release|Any CPU
		{D4A370E3-8EE5-441F-93C7-09D77026C8AE}.CD_ROM|Mixed Platforms.Build.0 = Release|Any CPU
		{D4A370E3-8EE5-441F-93C7-09D77026C8AE}.CD_ROM|x86.ActiveCfg = Release|Any CPU
		{D4A370E3-8EE5-441F-93C7-09D77026C8AE}.Debug|Any CPU.ActiveCfg = Debug|Any CPU
		{D4A370E3-8EE5-441F-93C7-09D77026C8AE}.Debug|Any CPU.Build.0 = Debug|Any CPU
		{D4A370E3-8EE5-441F-93C7-09D77026C8AE}.Debug|Mixed Platforms.ActiveCfg = Debug|Any CPU
		{D4A370E3-8EE5-441F-93C7-09D77026C8AE}.Debug|Mixed Platforms.Build.0 = Debug|Any CPU
		{D4A370E3-8EE5-441F-93C7-09D77026C8AE}.Debug|x86.ActiveCfg = Debug|Any CPU
		{D4A370E3-8EE5-441F-93C7-09D77026C8AE}.DVD-5|Any CPU.ActiveCfg = Debug|Any CPU
		{D4A370E3-8EE5-441F-93C7-09D77026C8AE}.DVD-5|Any CPU.Build.0 = Debug|Any CPU
		{D4A370E3-8EE5-441F-93C7-09D77026C8AE}.DVD-5|Mixed Platforms.ActiveCfg = Debug|Any CPU
		{D4A370E3-8EE5-441F-93C7-09D77026C8AE}.DVD-5|Mixed Platforms.Build.0 = Debug|Any CPU
		{D4A370E3-8EE5-441F-93C7-09D77026C8AE}.DVD-5|x86.ActiveCfg = Debug|Any CPU
		{D4A370E3-8EE5-441F-93C7-09D77026C8AE}.PublishClickOnce|Any CPU.ActiveCfg = PublishClickOnce|Any CPU
		{D4A370E3-8EE5-441F-93C7-09D77026C8AE}.PublishClickOnce|Any CPU.Build.0 = PublishClickOnce|Any CPU
		{D4A370E3-8EE5-441F-93C7-09D77026C8AE}.PublishClickOnce|Mixed Platforms.ActiveCfg = PublishClickOnce|Any CPU
		{D4A370E3-8EE5-441F-93C7-09D77026C8AE}.PublishClickOnce|Mixed Platforms.Build.0 = PublishClickOnce|Any CPU
		{D4A370E3-8EE5-441F-93C7-09D77026C8AE}.PublishClickOnce|x86.ActiveCfg = PublishClickOnce|Any CPU
		{D4A370E3-8EE5-441F-93C7-09D77026C8AE}.Release|Any CPU.ActiveCfg = Release|Any CPU
		{D4A370E3-8EE5-441F-93C7-09D77026C8AE}.Release|Any CPU.Build.0 = Release|Any CPU
		{D4A370E3-8EE5-441F-93C7-09D77026C8AE}.Release|Mixed Platforms.ActiveCfg = Release|Any CPU
		{D4A370E3-8EE5-441F-93C7-09D77026C8AE}.Release|Mixed Platforms.Build.0 = Release|Any CPU
		{D4A370E3-8EE5-441F-93C7-09D77026C8AE}.Release|x86.ActiveCfg = Release|Any CPU
		{D4A370E3-8EE5-441F-93C7-09D77026C8AE}.SingleImage|Any CPU.ActiveCfg = Release|Any CPU
		{D4A370E3-8EE5-441F-93C7-09D77026C8AE}.SingleImage|Any CPU.Build.0 = Release|Any CPU
		{D4A370E3-8EE5-441F-93C7-09D77026C8AE}.SingleImage|Mixed Platforms.ActiveCfg = Release|Any CPU
		{D4A370E3-8EE5-441F-93C7-09D77026C8AE}.SingleImage|Mixed Platforms.Build.0 = Release|Any CPU
		{D4A370E3-8EE5-441F-93C7-09D77026C8AE}.SingleImage|x86.ActiveCfg = Release|Any CPU
		{7C5D556A-3633-4653-B520-79350F92EAE6}.CD_ROM|Any CPU.ActiveCfg = Release|Any CPU
		{7C5D556A-3633-4653-B520-79350F92EAE6}.CD_ROM|Any CPU.Build.0 = Release|Any CPU
		{7C5D556A-3633-4653-B520-79350F92EAE6}.CD_ROM|Mixed Platforms.ActiveCfg = Release|Any CPU
		{7C5D556A-3633-4653-B520-79350F92EAE6}.CD_ROM|Mixed Platforms.Build.0 = Release|Any CPU
		{7C5D556A-3633-4653-B520-79350F92EAE6}.CD_ROM|x86.ActiveCfg = Release|Any CPU
		{7C5D556A-3633-4653-B520-79350F92EAE6}.Debug|Any CPU.ActiveCfg = Debug|Any CPU
		{7C5D556A-3633-4653-B520-79350F92EAE6}.Debug|Any CPU.Build.0 = Debug|Any CPU
		{7C5D556A-3633-4653-B520-79350F92EAE6}.Debug|Mixed Platforms.ActiveCfg = Debug|Any CPU
		{7C5D556A-3633-4653-B520-79350F92EAE6}.Debug|Mixed Platforms.Build.0 = Debug|Any CPU
		{7C5D556A-3633-4653-B520-79350F92EAE6}.Debug|x86.ActiveCfg = Debug|Any CPU
		{7C5D556A-3633-4653-B520-79350F92EAE6}.DVD-5|Any CPU.ActiveCfg = Debug|Any CPU
		{7C5D556A-3633-4653-B520-79350F92EAE6}.DVD-5|Any CPU.Build.0 = Debug|Any CPU
		{7C5D556A-3633-4653-B520-79350F92EAE6}.DVD-5|Mixed Platforms.ActiveCfg = Debug|Any CPU
		{7C5D556A-3633-4653-B520-79350F92EAE6}.DVD-5|Mixed Platforms.Build.0 = Debug|Any CPU
		{7C5D556A-3633-4653-B520-79350F92EAE6}.DVD-5|x86.ActiveCfg = Debug|Any CPU
		{7C5D556A-3633-4653-B520-79350F92EAE6}.PublishClickOnce|Any CPU.ActiveCfg = PublishClickOnce|Any CPU
		{7C5D556A-3633-4653-B520-79350F92EAE6}.PublishClickOnce|Any CPU.Build.0 = PublishClickOnce|Any CPU
		{7C5D556A-3633-4653-B520-79350F92EAE6}.PublishClickOnce|Mixed Platforms.ActiveCfg = PublishClickOnce|Any CPU
		{7C5D556A-3633-4653-B520-79350F92EAE6}.PublishClickOnce|Mixed Platforms.Build.0 = PublishClickOnce|Any CPU
		{7C5D556A-3633-4653-B520-79350F92EAE6}.PublishClickOnce|x86.ActiveCfg = PublishClickOnce|Any CPU
		{7C5D556A-3633-4653-B520-79350F92EAE6}.Release|Any CPU.ActiveCfg = Release|Any CPU
		{7C5D556A-3633-4653-B520-79350F92EAE6}.Release|Any CPU.Build.0 = Release|Any CPU
		{7C5D556A-3633-4653-B520-79350F92EAE6}.Release|Mixed Platforms.ActiveCfg = Release|Any CPU
		{7C5D556A-3633-4653-B520-79350F92EAE6}.Release|Mixed Platforms.Build.0 = Release|Any CPU
		{7C5D556A-3633-4653-B520-79350F92EAE6}.Release|x86.ActiveCfg = Release|Any CPU
		{7C5D556A-3633-4653-B520-79350F92EAE6}.SingleImage|Any CPU.ActiveCfg = Release|Any CPU
		{7C5D556A-3633-4653-B520-79350F92EAE6}.SingleImage|Any CPU.Build.0 = Release|Any CPU
		{7C5D556A-3633-4653-B520-79350F92EAE6}.SingleImage|Mixed Platforms.ActiveCfg = Release|Any CPU
		{7C5D556A-3633-4653-B520-79350F92EAE6}.SingleImage|Mixed Platforms.Build.0 = Release|Any CPU
		{7C5D556A-3633-4653-B520-79350F92EAE6}.SingleImage|x86.ActiveCfg = Release|Any CPU
		{255BC024-2549-4AD0-8EE8-3B17B842AA46}.CD_ROM|Any CPU.ActiveCfg = Release|Any CPU
		{255BC024-2549-4AD0-8EE8-3B17B842AA46}.CD_ROM|Any CPU.Build.0 = Release|Any CPU
		{255BC024-2549-4AD0-8EE8-3B17B842AA46}.CD_ROM|Mixed Platforms.ActiveCfg = Release|Any CPU
		{255BC024-2549-4AD0-8EE8-3B17B842AA46}.CD_ROM|Mixed Platforms.Build.0 = Release|Any CPU
		{255BC024-2549-4AD0-8EE8-3B17B842AA46}.CD_ROM|x86.ActiveCfg = Release|Any CPU
		{255BC024-2549-4AD0-8EE8-3B17B842AA46}.Debug|Any CPU.ActiveCfg = Debug|Any CPU
		{255BC024-2549-4AD0-8EE8-3B17B842AA46}.Debug|Any CPU.Build.0 = Debug|Any CPU
		{255BC024-2549-4AD0-8EE8-3B17B842AA46}.Debug|Mixed Platforms.ActiveCfg = Debug|Any CPU
		{255BC024-2549-4AD0-8EE8-3B17B842AA46}.Debug|Mixed Platforms.Build.0 = Debug|Any CPU
		{255BC024-2549-4AD0-8EE8-3B17B842AA46}.Debug|x86.ActiveCfg = Debug|Any CPU
		{255BC024-2549-4AD0-8EE8-3B17B842AA46}.DVD-5|Any CPU.ActiveCfg = Debug|Any CPU
		{255BC024-2549-4AD0-8EE8-3B17B842AA46}.DVD-5|Any CPU.Build.0 = Debug|Any CPU
		{255BC024-2549-4AD0-8EE8-3B17B842AA46}.DVD-5|Mixed Platforms.ActiveCfg = Debug|Any CPU
		{255BC024-2549-4AD0-8EE8-3B17B842AA46}.DVD-5|Mixed Platforms.Build.0 = Debug|Any CPU
		{255BC024-2549-4AD0-8EE8-3B17B842AA46}.DVD-5|x86.ActiveCfg = Debug|Any CPU
		{255BC024-2549-4AD0-8EE8-3B17B842AA46}.PublishClickOnce|Any CPU.ActiveCfg = PublishClickOnce|Any CPU
		{255BC024-2549-4AD0-8EE8-3B17B842AA46}.PublishClickOnce|Any CPU.Build.0 = PublishClickOnce|Any CPU
		{255BC024-2549-4AD0-8EE8-3B17B842AA46}.PublishClickOnce|Mixed Platforms.ActiveCfg = PublishClickOnce|Any CPU
		{255BC024-2549-4AD0-8EE8-3B17B842AA46}.PublishClickOnce|Mixed Platforms.Build.0 = PublishClickOnce|Any CPU
		{255BC024-2549-4AD0-8EE8-3B17B842AA46}.PublishClickOnce|x86.ActiveCfg = PublishClickOnce|Any CPU
		{255BC024-2549-4AD0-8EE8-3B17B842AA46}.Release|Any CPU.ActiveCfg = Release|Any CPU
		{255BC024-2549-4AD0-8EE8-3B17B842AA46}.Release|Any CPU.Build.0 = Release|Any CPU
		{255BC024-2549-4AD0-8EE8-3B17B842AA46}.Release|Mixed Platforms.ActiveCfg = Release|Any CPU
		{255BC024-2549-4AD0-8EE8-3B17B842AA46}.Release|Mixed Platforms.Build.0 = Release|Any CPU
		{255BC024-2549-4AD0-8EE8-3B17B842AA46}.Release|x86.ActiveCfg = Release|Any CPU
		{255BC024-2549-4AD0-8EE8-3B17B842AA46}.SingleImage|Any CPU.ActiveCfg = Release|Any CPU
		{255BC024-2549-4AD0-8EE8-3B17B842AA46}.SingleImage|Any CPU.Build.0 = Release|Any CPU
		{255BC024-2549-4AD0-8EE8-3B17B842AA46}.SingleImage|Mixed Platforms.ActiveCfg = Release|Any CPU
		{255BC024-2549-4AD0-8EE8-3B17B842AA46}.SingleImage|Mixed Platforms.Build.0 = Release|Any CPU
		{255BC024-2549-4AD0-8EE8-3B17B842AA46}.SingleImage|x86.ActiveCfg = Release|Any CPU
		{96D7FDAA-341F-49D9-B910-1F349CA565D7}.CD_ROM|Any CPU.ActiveCfg = Release|Any CPU
		{96D7FDAA-341F-49D9-B910-1F349CA565D7}.CD_ROM|Any CPU.Build.0 = Release|Any CPU
		{96D7FDAA-341F-49D9-B910-1F349CA565D7}.CD_ROM|Mixed Platforms.ActiveCfg = Release|Any CPU
		{96D7FDAA-341F-49D9-B910-1F349CA565D7}.CD_ROM|Mixed Platforms.Build.0 = Release|Any CPU
		{96D7FDAA-341F-49D9-B910-1F349CA565D7}.CD_ROM|x86.ActiveCfg = Release|Any CPU
		{96D7FDAA-341F-49D9-B910-1F349CA565D7}.Debug|Any CPU.ActiveCfg = Debug|Any CPU
		{96D7FDAA-341F-49D9-B910-1F349CA565D7}.Debug|Any CPU.Build.0 = Debug|Any CPU
		{96D7FDAA-341F-49D9-B910-1F349CA565D7}.Debug|Mixed Platforms.ActiveCfg = Debug|Any CPU
		{96D7FDAA-341F-49D9-B910-1F349CA565D7}.Debug|Mixed Platforms.Build.0 = Debug|Any CPU
		{96D7FDAA-341F-49D9-B910-1F349CA565D7}.Debug|x86.ActiveCfg = Debug|Any CPU
		{96D7FDAA-341F-49D9-B910-1F349CA565D7}.DVD-5|Any CPU.ActiveCfg = Debug|Any CPU
		{96D7FDAA-341F-49D9-B910-1F349CA565D7}.DVD-5|Any CPU.Build.0 = Debug|Any CPU
		{96D7FDAA-341F-49D9-B910-1F349CA565D7}.DVD-5|Mixed Platforms.ActiveCfg = Debug|Any CPU
		{96D7FDAA-341F-49D9-B910-1F349CA565D7}.DVD-5|Mixed Platforms.Build.0 = Debug|Any CPU
		{96D7FDAA-341F-49D9-B910-1F349CA565D7}.DVD-5|x86.ActiveCfg = Debug|Any CPU
		{96D7FDAA-341F-49D9-B910-1F349CA565D7}.PublishClickOnce|Any CPU.ActiveCfg = PublishClickOnce|Any CPU
		{96D7FDAA-341F-49D9-B910-1F349CA565D7}.PublishClickOnce|Any CPU.Build.0 = PublishClickOnce|Any CPU
		{96D7FDAA-341F-49D9-B910-1F349CA565D7}.PublishClickOnce|Mixed Platforms.ActiveCfg = PublishClickOnce|Any CPU
		{96D7FDAA-341F-49D9-B910-1F349CA565D7}.PublishClickOnce|Mixed Platforms.Build.0 = PublishClickOnce|Any CPU
		{96D7FDAA-341F-49D9-B910-1F349CA565D7}.PublishClickOnce|x86.ActiveCfg = PublishClickOnce|Any CPU
		{96D7FDAA-341F-49D9-B910-1F349CA565D7}.Release|Any CPU.ActiveCfg = Release|Any CPU
		{96D7FDAA-341F-49D9-B910-1F349CA565D7}.Release|Any CPU.Build.0 = Release|Any CPU
		{96D7FDAA-341F-49D9-B910-1F349CA565D7}.Release|Mixed Platforms.ActiveCfg = Release|Any CPU
		{96D7FDAA-341F-49D9-B910-1F349CA565D7}.Release|Mixed Platforms.Build.0 = Release|Any CPU
		{96D7FDAA-341F-49D9-B910-1F349CA565D7}.Release|x86.ActiveCfg = Release|Any CPU
		{96D7FDAA-341F-49D9-B910-1F349CA565D7}.SingleImage|Any CPU.ActiveCfg = Release|Any CPU
		{96D7FDAA-341F-49D9-B910-1F349CA565D7}.SingleImage|Any CPU.Build.0 = Release|Any CPU
		{96D7FDAA-341F-49D9-B910-1F349CA565D7}.SingleImage|Mixed Platforms.ActiveCfg = Release|Any CPU
		{96D7FDAA-341F-49D9-B910-1F349CA565D7}.SingleImage|Mixed Platforms.Build.0 = Release|Any CPU
		{96D7FDAA-341F-49D9-B910-1F349CA565D7}.SingleImage|x86.ActiveCfg = Release|Any CPU
		{357A9C40-29F7-4863-9E24-28BD9C7BF0E8}.CD_ROM|Any CPU.ActiveCfg = Release|Any CPU
		{357A9C40-29F7-4863-9E24-28BD9C7BF0E8}.CD_ROM|Any CPU.Build.0 = Release|Any CPU
		{357A9C40-29F7-4863-9E24-28BD9C7BF0E8}.CD_ROM|Mixed Platforms.ActiveCfg = Release|Any CPU
		{357A9C40-29F7-4863-9E24-28BD9C7BF0E8}.CD_ROM|Mixed Platforms.Build.0 = Release|Any CPU
		{357A9C40-29F7-4863-9E24-28BD9C7BF0E8}.CD_ROM|x86.ActiveCfg = Release|Any CPU
		{357A9C40-29F7-4863-9E24-28BD9C7BF0E8}.Debug|Any CPU.ActiveCfg = Debug|Any CPU
		{357A9C40-29F7-4863-9E24-28BD9C7BF0E8}.Debug|Any CPU.Build.0 = Debug|Any CPU
		{357A9C40-29F7-4863-9E24-28BD9C7BF0E8}.Debug|Mixed Platforms.ActiveCfg = Debug|Any CPU
		{357A9C40-29F7-4863-9E24-28BD9C7BF0E8}.Debug|Mixed Platforms.Build.0 = Debug|Any CPU
		{357A9C40-29F7-4863-9E24-28BD9C7BF0E8}.Debug|x86.ActiveCfg = Debug|Any CPU
		{357A9C40-29F7-4863-9E24-28BD9C7BF0E8}.DVD-5|Any CPU.ActiveCfg = Debug|Any CPU
		{357A9C40-29F7-4863-9E24-28BD9C7BF0E8}.DVD-5|Any CPU.Build.0 = Debug|Any CPU
		{357A9C40-29F7-4863-9E24-28BD9C7BF0E8}.DVD-5|Mixed Platforms.ActiveCfg = Debug|Any CPU
		{357A9C40-29F7-4863-9E24-28BD9C7BF0E8}.DVD-5|Mixed Platforms.Build.0 = Debug|Any CPU
		{357A9C40-29F7-4863-9E24-28BD9C7BF0E8}.DVD-5|x86.ActiveCfg = Debug|Any CPU
		{357A9C40-29F7-4863-9E24-28BD9C7BF0E8}.PublishClickOnce|Any CPU.ActiveCfg = PublishClickOnce|Any CPU
		{357A9C40-29F7-4863-9E24-28BD9C7BF0E8}.PublishClickOnce|Any CPU.Build.0 = PublishClickOnce|Any CPU
		{357A9C40-29F7-4863-9E24-28BD9C7BF0E8}.PublishClickOnce|Mixed Platforms.ActiveCfg = PublishClickOnce|Any CPU
		{357A9C40-29F7-4863-9E24-28BD9C7BF0E8}.PublishClickOnce|Mixed Platforms.Build.0 = PublishClickOnce|Any CPU
		{357A9C40-29F7-4863-9E24-28BD9C7BF0E8}.PublishClickOnce|x86.ActiveCfg = PublishClickOnce|Any CPU
		{357A9C40-29F7-4863-9E24-28BD9C7BF0E8}.Release|Any CPU.ActiveCfg = Release|Any CPU
		{357A9C40-29F7-4863-9E24-28BD9C7BF0E8}.Release|Any CPU.Build.0 = Release|Any CPU
		{357A9C40-29F7-4863-9E24-28BD9C7BF0E8}.Release|Mixed Platforms.ActiveCfg = Release|Any CPU
		{357A9C40-29F7-4863-9E24-28BD9C7BF0E8}.Release|Mixed Platforms.Build.0 = Release|Any CPU
		{357A9C40-29F7-4863-9E24-28BD9C7BF0E8}.Release|x86.ActiveCfg = Release|Any CPU
		{357A9C40-29F7-4863-9E24-28BD9C7BF0E8}.SingleImage|Any CPU.ActiveCfg = Release|Any CPU
		{357A9C40-29F7-4863-9E24-28BD9C7BF0E8}.SingleImage|Any CPU.Build.0 = Release|Any CPU
		{357A9C40-29F7-4863-9E24-28BD9C7BF0E8}.SingleImage|Mixed Platforms.ActiveCfg = Release|Any CPU
		{357A9C40-29F7-4863-9E24-28BD9C7BF0E8}.SingleImage|Mixed Platforms.Build.0 = Release|Any CPU
		{357A9C40-29F7-4863-9E24-28BD9C7BF0E8}.SingleImage|x86.ActiveCfg = Release|Any CPU
	EndGlobalSection
	GlobalSection(SolutionProperties) = preSolution
		HideSolutionNode = FALSE
	EndGlobalSection
EndGlobal
